// !$*UTF8*$!
{
	archiveVersion = 1;
	classes = {
	};
	objectVersion = 46;
	objects = {

/* Begin PBXBuildFile section */
		7C112AC115FE98A900A5AB39 /* locate.png in Resources */ = {isa = PBXBuildFile; fileRef = 7C112ABF15FE98A900A5AB39 /* locate.png */; };
		7C112AC215FE98A900A5AB39 /* locate@2x.png in Resources */ = {isa = PBXBuildFile; fileRef = 7C112AC015FE98A900A5AB39 /* locate@2x.png */; };
		7C2578B615FFB47500B62615 /* icon.png in Resources */ = {isa = PBXBuildFile; fileRef = 7C2578B515FFB47500B62615 /* icon.png */; };
		7C2578B915FFB47700B62615 /* icon@2x.png in Resources */ = {isa = PBXBuildFile; fileRef = 7C2578B815FFB47700B62615 /* icon@2x.png */; };
		7C257A3315FFEFD200B62615 /* switch.png in Resources */ = {isa = PBXBuildFile; fileRef = 7C257A3115FFEFD200B62615 /* switch.png */; };
		7C257A3415FFEFD200B62615 /* switch@2x.png in Resources */ = {isa = PBXBuildFile; fileRef = 7C257A3215FFEFD200B62615 /* switch@2x.png */; };
		7C30792A15C098B900D5DE36 /* GRAnnotation.m in Sources */ = {isa = PBXBuildFile; fileRef = 7C30792915C098B900D5DE36 /* GRAnnotation.m */; };
		7C3884B1161A54810095244A /* pin.png in Resources */ = {isa = PBXBuildFile; fileRef = 7C3884AF161A54810095244A /* pin.png */; };
		7C3884B2161A54810095244A /* pin@2x.png in Resources */ = {isa = PBXBuildFile; fileRef = 7C3884B0161A54810095244A /* pin@2x.png */; };
		7C3884B6161A55F80095244A /* refresh.png in Resources */ = {isa = PBXBuildFile; fileRef = 7C3884B4161A55F80095244A /* refresh.png */; };
		7C3884B7161A55F80095244A /* refresh@2x.png in Resources */ = {isa = PBXBuildFile; fileRef = 7C3884B5161A55F80095244A /* refresh@2x.png */; };
		7C3884BA161A66370095244A /* HelpViewController.m in Sources */ = {isa = PBXBuildFile; fileRef = 7C3884B9161A66370095244A /* HelpViewController.m */; };
		7C3CF0FD15EBFC88003D9D44 /* Leg.m in Sources */ = {isa = PBXBuildFile; fileRef = 7C3CF0FC15EBFC88003D9D44 /* Leg.m */; };
		7C5C6F941609502F00A7C615 /* icon-72.png in Resources */ = {isa = PBXBuildFile; fileRef = 7C5C6F931609502F00A7C615 /* icon-72.png */; };
		7C5C6F961609510E00A7C615 /* icon-72@2x.png in Resources */ = {isa = PBXBuildFile; fileRef = 7C5C6F951609510E00A7C615 /* icon-72@2x.png */; };
		7C8629F615F16F750088C2E8 /* MKPolyline+Decoding.m in Sources */ = {isa = PBXBuildFile; fileRef = 7C8629F515F16F750088C2E8 /* MKPolyline+Decoding.m */; };
		7C88D76F1601452300E45147 /* Default-568h@2x.png in Resources */ = {isa = PBXBuildFile; fileRef = 7C88D76E1601452300E45147 /* Default-568h@2x.png */; };
		7CBF07BF15AE0D8800C33B92 /* UIKit.framework in Frameworks */ = {isa = PBXBuildFile; fileRef = 7CBF07BE15AE0D8800C33B92 /* UIKit.framework */; };
		7CBF07C115AE0D8800C33B92 /* Foundation.framework in Frameworks */ = {isa = PBXBuildFile; fileRef = 7CBF07C015AE0D8800C33B92 /* Foundation.framework */; };
		7CBF07C315AE0D8800C33B92 /* CoreGraphics.framework in Frameworks */ = {isa = PBXBuildFile; fileRef = 7CBF07C215AE0D8800C33B92 /* CoreGraphics.framework */; };
		7CBF07C915AE0D8800C33B92 /* InfoPlist.strings in Resources */ = {isa = PBXBuildFile; fileRef = 7CBF07C715AE0D8800C33B92 /* InfoPlist.strings */; };
		7CBF07CB15AE0D8800C33B92 /* main.m in Sources */ = {isa = PBXBuildFile; fileRef = 7CBF07CA15AE0D8800C33B92 /* main.m */; };
		7CBF07CF15AE0D8800C33B92 /* AppDelegate.m in Sources */ = {isa = PBXBuildFile; fileRef = 7CBF07CE15AE0D8800C33B92 /* AppDelegate.m */; };
		7CBF07D215AE0D8800C33B92 /* MainStoryboard.storyboard in Resources */ = {isa = PBXBuildFile; fileRef = 7CBF07D015AE0D8800C33B92 /* MainStoryboard.storyboard */; };
		7CBF07D815AE0D8800C33B92 /* ViewController.m in Sources */ = {isa = PBXBuildFile; fileRef = 7CBF07D715AE0D8800C33B92 /* ViewController.m */; };
		7CBF07DF15AE0FD100C33B92 /* MapKit.framework in Frameworks */ = {isa = PBXBuildFile; fileRef = 7CBF07DE15AE0FD100C33B92 /* MapKit.framework */; };
		7CBF07E115AE25FF00C33B92 /* CoreLocation.framework in Frameworks */ = {isa = PBXBuildFile; fileRef = 7CBF07E015AE25FF00C33B92 /* CoreLocation.framework */; };
		7CBF07E415AE292100C33B92 /* Route.m in Sources */ = {isa = PBXBuildFile; fileRef = 7CBF07E315AE292100C33B92 /* Route.m */; };
		7CBF07E715AE2CAC00C33B92 /* Step.m in Sources */ = {isa = PBXBuildFile; fileRef = 7CBF07E615AE2CAC00C33B92 /* Step.m */; };
		7CD1929915FA694E00519A01 /* UIColor+Utilities.m in Sources */ = {isa = PBXBuildFile; fileRef = 7CD1929815FA694E00519A01 /* UIColor+Utilities.m */; };
		7CD1953415FA7F5200519A01 /* annotation@2x.png in Resources */ = {isa = PBXBuildFile; fileRef = 7CD1953315FA7F5200519A01 /* annotation@2x.png */; };
		7CD1953615FA7F7300519A01 /* annotation.png in Resources */ = {isa = PBXBuildFile; fileRef = 7CD1953515FA7F7300519A01 /* annotation.png */; };
		7CD1953B15FA81BB00519A01 /* GRAnnotationView.m in Sources */ = {isa = PBXBuildFile; fileRef = 7CD1953A15FA81BB00519A01 /* GRAnnotationView.m */; };
		7CD1954115FA9C0C00519A01 /* ServiceManager.m in Sources */ = {isa = PBXBuildFile; fileRef = 7CD1954015FA9C0C00519A01 /* ServiceManager.m */; };
		7CD1954415FA9EAB00519A01 /* NSDictionary+Utilities.m in Sources */ = {isa = PBXBuildFile; fileRef = 7CD1954315FA9EAB00519A01 /* NSDictionary+Utilities.m */; };
/* End PBXBuildFile section */

/* Begin PBXFileReference section */
		7C112ABF15FE98A900A5AB39 /* locate.png */ = {isa = PBXFileReference; lastKnownFileType = image.png; path = locate.png; sourceTree = "<group>"; };
		7C112AC015FE98A900A5AB39 /* locate@2x.png */ = {isa = PBXFileReference; lastKnownFileType = image.png; path = "locate@2x.png"; sourceTree = "<group>"; };
		7C2578B515FFB47500B62615 /* icon.png */ = {isa = PBXFileReference; lastKnownFileType = image.png; name = icon.png; path = ../../icon.png; sourceTree = "<group>"; };
		7C2578B815FFB47700B62615 /* icon@2x.png */ = {isa = PBXFileReference; lastKnownFileType = image.png; name = "icon@2x.png"; path = "../../icon@2x.png"; sourceTree = "<group>"; };
		7C257A3115FFEFD200B62615 /* switch.png */ = {isa = PBXFileReference; lastKnownFileType = image.png; path = switch.png; sourceTree = "<group>"; };
		7C257A3215FFEFD200B62615 /* switch@2x.png */ = {isa = PBXFileReference; lastKnownFileType = image.png; path = "switch@2x.png"; sourceTree = "<group>"; };
		7C30792815C098B900D5DE36 /* GRAnnotation.h */ = {isa = PBXFileReference; fileEncoding = 4; lastKnownFileType = sourcecode.c.h; path = GRAnnotation.h; sourceTree = "<group>"; };
		7C30792915C098B900D5DE36 /* GRAnnotation.m */ = {isa = PBXFileReference; fileEncoding = 4; lastKnownFileType = sourcecode.c.objc; path = GRAnnotation.m; sourceTree = "<group>"; };
		7C3884AF161A54810095244A /* pin.png */ = {isa = PBXFileReference; lastKnownFileType = image.png; path = pin.png; sourceTree = "<group>"; };
		7C3884B0161A54810095244A /* pin@2x.png */ = {isa = PBXFileReference; lastKnownFileType = image.png; path = "pin@2x.png"; sourceTree = "<group>"; };
		7C3884B4161A55F80095244A /* refresh.png */ = {isa = PBXFileReference; lastKnownFileType = image.png; path = refresh.png; sourceTree = "<group>"; };
		7C3884B5161A55F80095244A /* refresh@2x.png */ = {isa = PBXFileReference; lastKnownFileType = image.png; path = "refresh@2x.png"; sourceTree = "<group>"; };
		7C3884B8161A66370095244A /* HelpViewController.h */ = {isa = PBXFileReference; fileEncoding = 4; lastKnownFileType = sourcecode.c.h; path = HelpViewController.h; sourceTree = "<group>"; };
		7C3884B9161A66370095244A /* HelpViewController.m */ = {isa = PBXFileReference; fileEncoding = 4; lastKnownFileType = sourcecode.c.objc; path = HelpViewController.m; sourceTree = "<group>"; };
		7C3CF0FB15EBFC88003D9D44 /* Leg.h */ = {isa = PBXFileReference; fileEncoding = 4; lastKnownFileType = sourcecode.c.h; path = Leg.h; sourceTree = "<group>"; };
		7C3CF0FC15EBFC88003D9D44 /* Leg.m */ = {isa = PBXFileReference; fileEncoding = 4; lastKnownFileType = sourcecode.c.objc; path = Leg.m; sourceTree = "<group>"; };
		7C5C6F931609502F00A7C615 /* icon-72.png */ = {isa = PBXFileReference; lastKnownFileType = image.png; name = "icon-72.png"; path = "../../icon-72.png"; sourceTree = "<group>"; };
		7C5C6F951609510E00A7C615 /* icon-72@2x.png */ = {isa = PBXFileReference; lastKnownFileType = image.png; name = "icon-72@2x.png"; path = "../../icon-72@2x.png"; sourceTree = "<group>"; };
		7C5C6F97160953ED00A7C615 /* Directions.geojson */ = {isa = PBXFileReference; lastKnownFileType = text; path = Directions.geojson; sourceTree = "<group>"; };
		7C8629F415F16F750088C2E8 /* MKPolyline+Decoding.h */ = {isa = PBXFileReference; fileEncoding = 4; lastKnownFileType = sourcecode.c.h; path = "MKPolyline+Decoding.h"; sourceTree = "<group>"; };
		7C8629F515F16F750088C2E8 /* MKPolyline+Decoding.m */ = {isa = PBXFileReference; fileEncoding = 4; lastKnownFileType = sourcecode.c.objc; path = "MKPolyline+Decoding.m"; sourceTree = "<group>"; };
		7C88D76E1601452300E45147 /* Default-568h@2x.png */ = {isa = PBXFileReference; lastKnownFileType = image.png; name = "Default-568h@2x.png"; path = "../../Default-568h@2x.png"; sourceTree = "<group>"; };
		7CBF07BA15AE0D8800C33B92 /* GRouting.app */ = {isa = PBXFileReference; explicitFileType = wrapper.application; includeInIndex = 0; path = GRouting.app; sourceTree = BUILT_PRODUCTS_DIR; };
		7CBF07BE15AE0D8800C33B92 /* UIKit.framework */ = {isa = PBXFileReference; lastKnownFileType = wrapper.framework; name = UIKit.framework; path = System/Library/Frameworks/UIKit.framework; sourceTree = SDKROOT; };
		7CBF07C015AE0D8800C33B92 /* Foundation.framework */ = {isa = PBXFileReference; lastKnownFileType = wrapper.framework; name = Foundation.framework; path = System/Library/Frameworks/Foundation.framework; sourceTree = SDKROOT; };
		7CBF07C215AE0D8800C33B92 /* CoreGraphics.framework */ = {isa = PBXFileReference; lastKnownFileType = wrapper.framework; name = CoreGraphics.framework; path = System/Library/Frameworks/CoreGraphics.framework; sourceTree = SDKROOT; };
		7CBF07C615AE0D8800C33B92 /* GRouting-Info.plist */ = {isa = PBXFileReference; lastKnownFileType = text.plist.xml; path = "GRouting-Info.plist"; sourceTree = "<group>"; };
		7CBF07C815AE0D8800C33B92 /* en */ = {isa = PBXFileReference; lastKnownFileType = text.plist.strings; name = en; path = en.lproj/InfoPlist.strings; sourceTree = "<group>"; };
		7CBF07CA15AE0D8800C33B92 /* main.m */ = {isa = PBXFileReference; lastKnownFileType = sourcecode.c.objc; path = main.m; sourceTree = "<group>"; };
		7CBF07CC15AE0D8800C33B92 /* GRouting-Prefix.pch */ = {isa = PBXFileReference; lastKnownFileType = sourcecode.c.h; path = "GRouting-Prefix.pch"; sourceTree = "<group>"; };
		7CBF07CD15AE0D8800C33B92 /* AppDelegate.h */ = {isa = PBXFileReference; lastKnownFileType = sourcecode.c.h; path = AppDelegate.h; sourceTree = "<group>"; };
		7CBF07CE15AE0D8800C33B92 /* AppDelegate.m */ = {isa = PBXFileReference; lastKnownFileType = sourcecode.c.objc; path = AppDelegate.m; sourceTree = "<group>"; };
		7CBF07D115AE0D8800C33B92 /* en */ = {isa = PBXFileReference; lastKnownFileType = file.storyboard; name = en; path = en.lproj/MainStoryboard.storyboard; sourceTree = "<group>"; };
		7CBF07D615AE0D8800C33B92 /* ViewController.h */ = {isa = PBXFileReference; lastKnownFileType = sourcecode.c.h; path = ViewController.h; sourceTree = "<group>"; };
		7CBF07D715AE0D8800C33B92 /* ViewController.m */ = {isa = PBXFileReference; lastKnownFileType = sourcecode.c.objc; path = ViewController.m; sourceTree = "<group>"; };
		7CBF07DE15AE0FD100C33B92 /* MapKit.framework */ = {isa = PBXFileReference; lastKnownFileType = wrapper.framework; name = MapKit.framework; path = System/Library/Frameworks/MapKit.framework; sourceTree = SDKROOT; };
		7CBF07E015AE25FF00C33B92 /* CoreLocation.framework */ = {isa = PBXFileReference; lastKnownFileType = wrapper.framework; name = CoreLocation.framework; path = System/Library/Frameworks/CoreLocation.framework; sourceTree = SDKROOT; };
		7CBF07E215AE292100C33B92 /* Route.h */ = {isa = PBXFileReference; fileEncoding = 4; lastKnownFileType = sourcecode.c.h; path = Route.h; sourceTree = "<group>"; };
		7CBF07E315AE292100C33B92 /* Route.m */ = {isa = PBXFileReference; fileEncoding = 4; lastKnownFileType = sourcecode.c.objc; path = Route.m; sourceTree = "<group>"; };
		7CBF07E515AE2CAC00C33B92 /* Step.h */ = {isa = PBXFileReference; fileEncoding = 4; lastKnownFileType = sourcecode.c.h; path = Step.h; sourceTree = "<group>"; };
		7CBF07E615AE2CAC00C33B92 /* Step.m */ = {isa = PBXFileReference; fileEncoding = 4; lastKnownFileType = sourcecode.c.objc; path = Step.m; sourceTree = "<group>"; };
		7CD1929715FA694E00519A01 /* UIColor+Utilities.h */ = {isa = PBXFileReference; fileEncoding = 4; lastKnownFileType = sourcecode.c.h; path = "UIColor+Utilities.h"; sourceTree = "<group>"; };
		7CD1929815FA694E00519A01 /* UIColor+Utilities.m */ = {isa = PBXFileReference; fileEncoding = 4; lastKnownFileType = sourcecode.c.objc; path = "UIColor+Utilities.m"; sourceTree = "<group>"; };
		7CD1953315FA7F5200519A01 /* annotation@2x.png */ = {isa = PBXFileReference; lastKnownFileType = image.png; path = "annotation@2x.png"; sourceTree = "<group>"; };
		7CD1953515FA7F7300519A01 /* annotation.png */ = {isa = PBXFileReference; lastKnownFileType = image.png; path = annotation.png; sourceTree = "<group>"; };
		7CD1953915FA81BB00519A01 /* GRAnnotationView.h */ = {isa = PBXFileReference; fileEncoding = 4; lastKnownFileType = sourcecode.c.h; path = GRAnnotationView.h; sourceTree = "<group>"; };
		7CD1953A15FA81BB00519A01 /* GRAnnotationView.m */ = {isa = PBXFileReference; fileEncoding = 4; lastKnownFileType = sourcecode.c.objc; path = GRAnnotationView.m; sourceTree = "<group>"; };
		7CD1953F15FA9C0C00519A01 /* ServiceManager.h */ = {isa = PBXFileReference; fileEncoding = 4; lastKnownFileType = sourcecode.c.h; path = ServiceManager.h; sourceTree = "<group>"; };
		7CD1954015FA9C0C00519A01 /* ServiceManager.m */ = {isa = PBXFileReference; fileEncoding = 4; lastKnownFileType = sourcecode.c.objc; path = ServiceManager.m; sourceTree = "<group>"; };
		7CD1954215FA9EAB00519A01 /* NSDictionary+Utilities.h */ = {isa = PBXFileReference; fileEncoding = 4; lastKnownFileType = sourcecode.c.h; path = "NSDictionary+Utilities.h"; sourceTree = "<group>"; };
		7CD1954315FA9EAB00519A01 /* NSDictionary+Utilities.m */ = {isa = PBXFileReference; fileEncoding = 4; lastKnownFileType = sourcecode.c.objc; path = "NSDictionary+Utilities.m"; sourceTree = "<group>"; };
/* End PBXFileReference section */

/* Begin PBXFrameworksBuildPhase section */
		7CBF07B715AE0D8700C33B92 /* Frameworks */ = {
			isa = PBXFrameworksBuildPhase;
			buildActionMask = 2147483647;
			files = (
				7CBF07E115AE25FF00C33B92 /* CoreLocation.framework in Frameworks */,
				7CBF07DF15AE0FD100C33B92 /* MapKit.framework in Frameworks */,
				7CBF07BF15AE0D8800C33B92 /* UIKit.framework in Frameworks */,
				7CBF07C115AE0D8800C33B92 /* Foundation.framework in Frameworks */,
				7CBF07C315AE0D8800C33B92 /* CoreGraphics.framework in Frameworks */,
			);
			runOnlyForDeploymentPostprocessing = 0;
		};
/* End PBXFrameworksBuildPhase section */

/* Begin PBXGroup section */
		7CBF07AF15AE0D8700C33B92 = {
			isa = PBXGroup;
			children = (
				7CBF07C415AE0D8800C33B92 /* Routing */,
				7CBF07BD15AE0D8800C33B92 /* Frameworks */,
				7CBF07BB15AE0D8800C33B92 /* Products */,
			);
			sourceTree = "<group>";
		};
		7CBF07BB15AE0D8800C33B92 /* Products */ = {
			isa = PBXGroup;
			children = (
				7CBF07BA15AE0D8800C33B92 /* GRouting.app */,
			);
			name = Products;
			sourceTree = "<group>";
		};
		7CBF07BD15AE0D8800C33B92 /* Frameworks */ = {
			isa = PBXGroup;
			children = (
				7CBF07E015AE25FF00C33B92 /* CoreLocation.framework */,
				7CBF07DE15AE0FD100C33B92 /* MapKit.framework */,
				7CBF07BE15AE0D8800C33B92 /* UIKit.framework */,
				7CBF07C015AE0D8800C33B92 /* Foundation.framework */,
				7CBF07C215AE0D8800C33B92 /* CoreGraphics.framework */,
			);
			name = Frameworks;
			sourceTree = "<group>";
		};
		7CBF07C415AE0D8800C33B92 /* Routing */ = {
			isa = PBXGroup;
			children = (
				7CBF07D015AE0D8800C33B92 /* MainStoryboard.storyboard */,
				7CBF07CD15AE0D8800C33B92 /* AppDelegate.h */,
				7CBF07CE15AE0D8800C33B92 /* AppDelegate.m */,
				7CBF07D615AE0D8800C33B92 /* ViewController.h */,
				7CBF07D715AE0D8800C33B92 /* ViewController.m */,
				7C3884B8161A66370095244A /* HelpViewController.h */,
				7C3884B9161A66370095244A /* HelpViewController.m */,
				7CD1953F15FA9C0C00519A01 /* ServiceManager.h */,
				7CD1954015FA9C0C00519A01 /* ServiceManager.m */,
				7CD1953C15FA9BB100519A01 /* Data Model */,
				7CD1953E15FA9BD900519A01 /* Annotation */,
				7CD1953D15FA9BCE00519A01 /* Categories */,
				7CD1953215FA7F5200519A01 /* images */,
				7CBF07C515AE0D8800C33B92 /* Supporting Files */,
			);
			path = Routing;
			sourceTree = "<group>";
		};
		7CBF07C515AE0D8800C33B92 /* Supporting Files */ = {
			isa = PBXGroup;
			children = (
				7CBF07C615AE0D8800C33B92 /* GRouting-Info.plist */,
				7CBF07C715AE0D8800C33B92 /* InfoPlist.strings */,
				7CBF07CA15AE0D8800C33B92 /* main.m */,
				7CBF07CC15AE0D8800C33B92 /* GRouting-Prefix.pch */,
				7C5C6F97160953ED00A7C615 /* Directions.geojson */,
			);
			name = "Supporting Files";
			sourceTree = "<group>";
		};
		7CD1953215FA7F5200519A01 /* images */ = {
			isa = PBXGroup;
			children = (
				7C88D76E1601452300E45147 /* Default-568h@2x.png */,
				7C2578B515FFB47500B62615 /* icon.png */,
				7C2578B815FFB47700B62615 /* icon@2x.png */,
				7C5C6F931609502F00A7C615 /* icon-72.png */,
				7C5C6F951609510E00A7C615 /* icon-72@2x.png */,
				7C112ABF15FE98A900A5AB39 /* locate.png */,
				7C112AC015FE98A900A5AB39 /* locate@2x.png */,
				7C3884AF161A54810095244A /* pin.png */,
				7C3884B0161A54810095244A /* pin@2x.png */,
				7C3884B4161A55F80095244A /* refresh.png */,
				7C3884B5161A55F80095244A /* refresh@2x.png */,
				7C257A3115FFEFD200B62615 /* switch.png */,
				7C257A3215FFEFD200B62615 /* switch@2x.png */,
				7CD1953515FA7F7300519A01 /* annotation.png */,
				7CD1953315FA7F5200519A01 /* annotation@2x.png */,
			);
			path = images;
			sourceTree = "<group>";
		};
		7CD1953C15FA9BB100519A01 /* Data Model */ = {
			isa = PBXGroup;
			children = (
				7CBF07E215AE292100C33B92 /* Route.h */,
				7CBF07E315AE292100C33B92 /* Route.m */,
				7C3CF0FB15EBFC88003D9D44 /* Leg.h */,
				7C3CF0FC15EBFC88003D9D44 /* Leg.m */,
				7CBF07E515AE2CAC00C33B92 /* Step.h */,
				7CBF07E615AE2CAC00C33B92 /* Step.m */,
			);
			name = "Data Model";
			sourceTree = "<group>";
		};
		7CD1953D15FA9BCE00519A01 /* Categories */ = {
			isa = PBXGroup;
			children = (
				7C8629F415F16F750088C2E8 /* MKPolyline+Decoding.h */,
				7C8629F515F16F750088C2E8 /* MKPolyline+Decoding.m */,
				7CD1929715FA694E00519A01 /* UIColor+Utilities.h */,
				7CD1929815FA694E00519A01 /* UIColor+Utilities.m */,
				7CD1954215FA9EAB00519A01 /* NSDictionary+Utilities.h */,
				7CD1954315FA9EAB00519A01 /* NSDictionary+Utilities.m */,
			);
			name = Categories;
			sourceTree = "<group>";
		};
		7CD1953E15FA9BD900519A01 /* Annotation */ = {
			isa = PBXGroup;
			children = (
				7C30792815C098B900D5DE36 /* GRAnnotation.h */,
				7C30792915C098B900D5DE36 /* GRAnnotation.m */,
				7CD1953915FA81BB00519A01 /* GRAnnotationView.h */,
				7CD1953A15FA81BB00519A01 /* GRAnnotationView.m */,
			);
			name = Annotation;
			sourceTree = "<group>";
		};
/* End PBXGroup section */

/* Begin PBXNativeTarget section */
		7CBF07B915AE0D8700C33B92 /* GRouting */ = {
			isa = PBXNativeTarget;
			buildConfigurationList = 7CBF07DB15AE0D8800C33B92 /* Build configuration list for PBXNativeTarget "GRouting" */;
			buildPhases = (
				7CBF07B615AE0D8700C33B92 /* Sources */,
				7CBF07B715AE0D8700C33B92 /* Frameworks */,
				7CBF07B815AE0D8700C33B92 /* Resources */,
			);
			buildRules = (
			);
			dependencies = (
			);
			name = GRouting;
			productName = Routing;
			productReference = 7CBF07BA15AE0D8800C33B92 /* GRouting.app */;
			productType = "com.apple.product-type.application";
		};
/* End PBXNativeTarget section */

/* Begin PBXProject section */
		7CBF07B115AE0D8700C33B92 /* Project object */ = {
			isa = PBXProject;
			attributes = {
				LastUpgradeCheck = 0450;
				ORGANIZATIONNAME = "Joseph Lin";
			};
			buildConfigurationList = 7CBF07B415AE0D8700C33B92 /* Build configuration list for PBXProject "GRouting" */;
			compatibilityVersion = "Xcode 3.2";
			developmentRegion = English;
			hasScannedForEncodings = 0;
			knownRegions = (
				en,
			);
			mainGroup = 7CBF07AF15AE0D8700C33B92;
			productRefGroup = 7CBF07BB15AE0D8800C33B92 /* Products */;
			projectDirPath = "";
			projectRoot = "";
			targets = (
				7CBF07B915AE0D8700C33B92 /* GRouting */,
			);
		};
/* End PBXProject section */

/* Begin PBXResourcesBuildPhase section */
		7CBF07B815AE0D8700C33B92 /* Resources */ = {
			isa = PBXResourcesBuildPhase;
			buildActionMask = 2147483647;
			files = (
				7CBF07C915AE0D8800C33B92 /* InfoPlist.strings in Resources */,
				7CBF07D215AE0D8800C33B92 /* MainStoryboard.storyboard in Resources */,
				7CD1953415FA7F5200519A01 /* annotation@2x.png in Resources */,
				7CD1953615FA7F7300519A01 /* annotation.png in Resources */,
				7C112AC115FE98A900A5AB39 /* locate.png in Resources */,
				7C112AC215FE98A900A5AB39 /* locate@2x.png in Resources */,
				7C2578B615FFB47500B62615 /* icon.png in Resources */,
				7C2578B915FFB47700B62615 /* icon@2x.png in Resources */,
				7C257A3315FFEFD200B62615 /* switch.png in Resources */,
				7C257A3415FFEFD200B62615 /* switch@2x.png in Resources */,
				7C88D76F1601452300E45147 /* Default-568h@2x.png in Resources */,
				7C5C6F941609502F00A7C615 /* icon-72.png in Resources */,
				7C5C6F961609510E00A7C615 /* icon-72@2x.png in Resources */,
				7C3884B1161A54810095244A /* pin.png in Resources */,
				7C3884B2161A54810095244A /* pin@2x.png in Resources */,
				7C3884B6161A55F80095244A /* refresh.png in Resources */,
				7C3884B7161A55F80095244A /* refresh@2x.png in Resources */,
			);
			runOnlyForDeploymentPostprocessing = 0;
		};
/* End PBXResourcesBuildPhase section */

/* Begin PBXSourcesBuildPhase section */
		7CBF07B615AE0D8700C33B92 /* Sources */ = {
			isa = PBXSourcesBuildPhase;
			buildActionMask = 2147483647;
			files = (
				7CBF07CB15AE0D8800C33B92 /* main.m in Sources */,
				7CBF07CF15AE0D8800C33B92 /* AppDelegate.m in Sources */,
				7CBF07D815AE0D8800C33B92 /* ViewController.m in Sources */,
				7CBF07E415AE292100C33B92 /* Route.m in Sources */,
				7CBF07E715AE2CAC00C33B92 /* Step.m in Sources */,
				7C30792A15C098B900D5DE36 /* GRAnnotation.m in Sources */,
				7C3CF0FD15EBFC88003D9D44 /* Leg.m in Sources */,
				7C8629F615F16F750088C2E8 /* MKPolyline+Decoding.m in Sources */,
				7CD1929915FA694E00519A01 /* UIColor+Utilities.m in Sources */,
				7CD1953B15FA81BB00519A01 /* GRAnnotationView.m in Sources */,
				7CD1954115FA9C0C00519A01 /* ServiceManager.m in Sources */,
				7CD1954415FA9EAB00519A01 /* NSDictionary+Utilities.m in Sources */,
				7C3884BA161A66370095244A /* HelpViewController.m in Sources */,
			);
			runOnlyForDeploymentPostprocessing = 0;
		};
/* End PBXSourcesBuildPhase section */

/* Begin PBXVariantGroup section */
		7CBF07C715AE0D8800C33B92 /* InfoPlist.strings */ = {
			isa = PBXVariantGroup;
			children = (
				7CBF07C815AE0D8800C33B92 /* en */,
			);
			name = InfoPlist.strings;
			sourceTree = "<group>";
		};
		7CBF07D015AE0D8800C33B92 /* MainStoryboard.storyboard */ = {
			isa = PBXVariantGroup;
			children = (
				7CBF07D115AE0D8800C33B92 /* en */,
			);
			name = MainStoryboard.storyboard;
			sourceTree = "<group>";
		};
/* End PBXVariantGroup section */

/* Begin XCBuildConfiguration section */
		7CBF07D915AE0D8800C33B92 /* Debug */ = {
			isa = XCBuildConfiguration;
			buildSettings = {
				ALWAYS_SEARCH_USER_PATHS = NO;
				CLANG_CXX_LANGUAGE_STANDARD = "gnu++0x";
				CLANG_ENABLE_OBJC_ARC = YES;
				CLANG_WARN__DUPLICATE_METHOD_MATCH = YES;
				"CODE_SIGN_IDENTITY[sdk=iphoneos*]" = "iPhone Developer";
				COPY_PHASE_STRIP = NO;
				GCC_C_LANGUAGE_STANDARD = gnu99;
				GCC_DYNAMIC_NO_PIC = NO;
				GCC_OPTIMIZATION_LEVEL = 0;
				GCC_PREPROCESSOR_DEFINITIONS = (
					"DEBUG=1",
					"$(inherited)",
				);
				GCC_SYMBOLS_PRIVATE_EXTERN = NO;
				GCC_WARN_ABOUT_RETURN_TYPE = YES;
				GCC_WARN_UNINITIALIZED_AUTOS = YES;
				GCC_WARN_UNUSED_VARIABLE = YES;
				IPHONEOS_DEPLOYMENT_TARGET = 6.0;
				SDKROOT = iphoneos;
				TARGETED_DEVICE_FAMILY = "1,2";
			};
			name = Debug;
		};
		7CBF07DA15AE0D8800C33B92 /* Release */ = {
			isa = XCBuildConfiguration;
			buildSettings = {
				ALWAYS_SEARCH_USER_PATHS = NO;
				CLANG_CXX_LANGUAGE_STANDARD = "gnu++0x";
				CLANG_ENABLE_OBJC_ARC = YES;
				CLANG_WARN__DUPLICATE_METHOD_MATCH = YES;
				"CODE_SIGN_IDENTITY[sdk=iphoneos*]" = "iPhone Developer";
				COPY_PHASE_STRIP = YES;
				GCC_C_LANGUAGE_STANDARD = gnu99;
				GCC_WARN_ABOUT_RETURN_TYPE = YES;
				GCC_WARN_UNINITIALIZED_AUTOS = YES;
				GCC_WARN_UNUSED_VARIABLE = YES;
				IPHONEOS_DEPLOYMENT_TARGET = 6.0;
				OTHER_CFLAGS = "-DNS_BLOCK_ASSERTIONS=1";
				SDKROOT = iphoneos;
				TARGETED_DEVICE_FAMILY = "1,2";
				VALIDATE_PRODUCT = YES;
			};
			name = Release;
		};
		7CBF07DC15AE0D8800C33B92 /* Debug */ = {
			isa = XCBuildConfiguration;
			buildSettings = {
				GCC_PRECOMPILE_PREFIX_HEADER = YES;
				GCC_PREFIX_HEADER = "Routing/GRouting-Prefix.pch";
				INFOPLIST_FILE = "Routing/GRouting-Info.plist";
				PRODUCT_NAME = GRouting;
				WRAPPER_EXTENSION = app;
			};
			name = Debug;
		};
		7CBF07DD15AE0D8800C33B92 /* Release */ = {
			isa = XCBuildConfiguration;
			buildSettings = {
				"CODE_SIGN_IDENTITY[sdk=iphoneos*]" = "iPhone Distribution";
				GCC_PRECOMPILE_PREFIX_HEADER = YES;
				GCC_PREFIX_HEADER = "Routing/GRouting-Prefix.pch";
				INFOPLIST_FILE = "Routing/GRouting-Info.plist";
				PRODUCT_NAME = GRouting;
				"PROVISIONING_PROFILE[sdk=iphoneos*]" = "";
				WRAPPER_EXTENSION = app;
			};
			name = Release;
		};
/* End XCBuildConfiguration section */

/* Begin XCConfigurationList section */
		7CBF07B415AE0D8700C33B92 /* Build configuration list for PBXProject "GRouting" */ = {
			isa = XCConfigurationList;
			buildConfigurations = (
				7CBF07D915AE0D8800C33B92 /* Debug */,
				7CBF07DA15AE0D8800C33B92 /* Release */,
			);
			defaultConfigurationIsVisible = 0;
			defaultConfigurationName = Release;
		};
		7CBF07DB15AE0D8800C33B92 /* Build configuration list for PBXNativeTarget "GRouting" */ = {
			isa = XCConfigurationList;
			buildConfigurations = (
				7CBF07DC15AE0D8800C33B92 /* Debug */,
				7CBF07DD15AE0D8800C33B92 /* Release */,
			);
			defaultConfigurationIsVisible = 0;
			defaultConfigurationName = Release;
		};
/* End XCConfigurationList section */
	};
	rootObject = 7CBF07B115AE0D8700C33B92 /* Project object */;
}
